<?xml version="1.0" encoding="UTF-8" standalone="yes" ?>
<CodeBlocks_project_file>
	<FileVersion major="1" minor="6" />
	<Project>
		<Option title="Rickety Racquet" />
		<Option pch_mode="2" />
		<Option compiler="gcc" />
		<Build>
			<Target title="Debug">
				<Option output="../../Game/Rickety Racquet" prefix_auto="1" extension_auto="1" />
				<Option working_dir="../../Game/" />
				<Option object_output="obj/Debug/" />
				<Option type="1" />
				<Option compiler="gcc" />
				<Option use_console_runner="0" />
				<Compiler>
					<Add option="-std=c++11" />
					<Add option="-Wfatal-errors" />
					<Add option="-Wall" />
					<Add option="-g" />
					<Add option="-Werror=reorder" />
					<Add option='-D_DEBUG=&quot;1&quot;' />
					<Add option='-DLINUX=&quot;1&quot;' />
					<Add directory="../../../ThirdParty/Box2D/include" />
					<Add directory="../../../ThirdParty/CryptoPP/include" />
					<Add directory="../../../../../SFML/include" />
					<Add directory="../../../ThirdParty/tinyxml2/include" />
				</Compiler>
			</Target>
			<Target title="Release">
				<Option output="../../Game/Rickety Racquet" prefix_auto="1" extension_auto="1" />
				<Option working_dir="../../Game" />
				<Option object_output="obj/Release/" />
				<Option type="0" />
				<Option compiler="gcc" />
				<Compiler>
					<Add option="-O3" />
					<Add option="-std=c++11" />
					<Add option="-Wno-reorder" />
					<Add option='-DLINUX=&quot;1&quot;' />
					<Add directory="../../../ThirdParty/Box2D/include" />
					<Add directory="../../../ThirdParty/CryptoPP/include" />
					<Add directory="../../../ThirdParty/tinyxml2/include" />
					<Add directory="../../../../../SFML/include" />
				</Compiler>
				<Linker>
					<Add option="-s" />
				</Linker>
			</Target>
		</Build>
		<Compiler>
			<Add option="-Wall" />
		</Compiler>
		<Linker>
			<Add library="../../../../../SFML/build/lib/libsfml-audio-s.a" />
			<Add library="../../../../../SFML/build/lib/libsfml-graphics-s.a" />
			<Add library="../../../../../SFML/build/lib/libsfml-window-s.a" />
			<Add library="../../../../../SFML/build/lib/libsfml-system-s.a" />
			<Add library="../../../../../SFML/build/lib/libsfml-network-s.a" />
			<Add library="X11" />
			<Add library="X11-xcb" />
			<Add library="xcb" />
			<Add library="xcb-randr" />
			<Add library="xcb-icccm" />
			<Add library="xcb-image" />
			<Add library="xcb-ewmh" />
			<Add library="openal" />
			<Add library="vorbisfile" />
			<Add library="vorbis" />
			<Add library="ogg" />
			<Add library="FLAC" />
			<Add library="pthread" />
			<Add library="udev" />
			<Add library="freetype" />
			<Add library="jpeg" />
			<Add library="GL" />
			<Add library="xcb-keysyms" />
			<Add library="../../../../../Box2D/Box2D/Build/Box2D/libBox2D.a" />
			<Add library="../../../../../tinyxml2/build/libtinyxml2.a" />
			<Add library="cryptopp" />
			<Add library="GLEW" />
			<Add library="vorbisenc" />
		</Linker>
		<Unit filename="../../Src/App.cpp" />
		<Unit filename="../../Src/App.hpp" />
		<Unit filename="../../Src/Core.cpp" />
		<Unit filename="../../Src/Input.cpp" />
		<Unit filename="../../Src/Input.hpp" />
		<Unit filename="../../Src/LinuxHelper.cpp" />
		<Unit filename="../../Src/LinuxHelper.hpp" />
		<Unit filename="../../Src/MacHelper.hpp" />
		<Unit filename="../../Src/Resources.h" />
		<Unit filename="../../Src/ScrollView.cpp" />
		<Unit filename="../../Src/ScrollView.hpp" />
		<Unit filename="../../Src/Utility.cpp" />
		<Unit filename="../../Src/Utility.hpp" />
		<Unit filename="../../Src/WindowsHelper.hpp" />
		<Unit filename="../../Src/animation/AnimatedObject.hpp" />
		<Unit filename="../../Src/animation/Animation.cpp" />
		<Unit filename="../../Src/animation/Animation.hpp" />
		<Unit filename="../../Src/animation/CloneHandler.hpp" />
		<Unit filename="../../Src/animation/Cloneable.hpp" />
		<Unit filename="../../Src/animation/Interpolation.cpp" />
		<Unit filename="../../Src/animation/Interpolation.hpp" />
		<Unit filename="../../Src/animation/OrientedObject.hpp" />
		<Unit filename="../../Src/animation/ParticleTrail.cpp" />
		<Unit filename="../../Src/animation/ParticleTrail.hpp" />
		<Unit filename="../../Src/animation/Stoppable.hpp" />
		<Unit filename="../../Src/animation/TimedObject.hpp" />
		<Unit filename="../../Src/animation/VariableHandler.hpp" />
		<Unit filename="../../Src/animation/VariableHolder.hpp" />
		<Unit filename="../../Src/animation/provider/Absolute.hpp" />
		<Unit filename="../../Src/animation/provider/Adder.hpp" />
		<Unit filename="../../Src/animation/provider/AngleProvider.hpp" />
		<Unit filename="../../Src/animation/provider/CachedProvider.hpp" />
		<Unit filename="../../Src/animation/provider/Clamp.hpp" />
		<Unit filename="../../Src/animation/provider/Count.hpp" />
		<Unit filename="../../Src/animation/provider/FloatToInt.hpp" />
		<Unit filename="../../Src/animation/provider/IfPositive.hpp" />
		<Unit filename="../../Src/animation/provider/Inverse.hpp" />
		<Unit filename="../../Src/animation/provider/KeyProvider.cpp" />
		<Unit filename="../../Src/animation/provider/KeyProvider.hpp" />
		<Unit filename="../../Src/animation/provider/Maximum.hpp" />
		<Unit filename="../../Src/animation/provider/Minimum.hpp" />
		<Unit filename="../../Src/animation/provider/Modulo.hpp" />
		<Unit filename="../../Src/animation/provider/MouseProvider.hpp" />
		<Unit filename="../../Src/animation/provider/MultiProvider.hpp" />
		<Unit filename="../../Src/animation/provider/Multiplier.hpp" />
		<Unit filename="../../Src/animation/provider/Negate.hpp" />
		<Unit filename="../../Src/animation/provider/Nop.hpp" />
		<Unit filename="../../Src/animation/provider/Observer.hpp" />
		<Unit filename="../../Src/animation/provider/Pow.hpp" />
		<Unit filename="../../Src/animation/provider/Ramp.hpp" />
		<Unit filename="../../Src/animation/provider/RandomProvider.cpp" />
		<Unit filename="../../Src/animation/provider/RandomProvider.hpp" />
		<Unit filename="../../Src/animation/provider/SetVariable.hpp" />
		<Unit filename="../../Src/animation/provider/Sine.hpp" />
		<Unit filename="../../Src/animation/provider/SingleProvider.hpp" />
		<Unit filename="../../Src/animation/provider/StaticProvider.hpp" />
		<Unit filename="../../Src/animation/provider/Step.hpp" />
		<Unit filename="../../Src/animation/provider/Stop.hpp" />
		<Unit filename="../../Src/animation/provider/Substractor.hpp" />
		<Unit filename="../../Src/animation/provider/Switch.hpp" />
		<Unit filename="../../Src/animation/provider/TimeProvider.hpp" />
		<Unit filename="../../Src/animation/provider/ValueProvider.hpp" />
		<Unit filename="../../Src/animation/provider/VariableProvider.hpp" />
		<Unit filename="../../Src/gui/AchievementMenu.cpp" />
		<Unit filename="../../Src/gui/AchievementMenu.hpp" />
		<Unit filename="../../Src/gui/AnimationContainer.cpp" />
		<Unit filename="../../Src/gui/AnimationContainer.hpp" />
		<Unit filename="../../Src/gui/BitmapFont.cpp" />
		<Unit filename="../../Src/gui/BitmapFont.hpp" />
		<Unit filename="../../Src/gui/Button.cpp" />
		<Unit filename="../../Src/gui/Button.hpp" />
		<Unit filename="../../Src/gui/ButtonStyle.hpp" />
		<Unit filename="../../Src/gui/CaptionMenu.cpp" />
		<Unit filename="../../Src/gui/CaptionMenu.hpp" />
		<Unit filename="../../Src/gui/Carat.hpp" />
		<Unit filename="../../Src/gui/Caret.cpp" />
		<Unit filename="../../Src/gui/CheckBox.cpp" />
		<Unit filename="../../Src/gui/CheckBox.hpp" />
		<Unit filename="../../Src/gui/CheckboxStyle.hpp" />
		<Unit filename="../../Src/gui/CoinShopMenu.cpp" />
		<Unit filename="../../Src/gui/CoinShopMenu.hpp" />
		<Unit filename="../../Src/gui/CreditMenu.cpp" />
		<Unit filename="../../Src/gui/CreditMenu.hpp" />
		<Unit filename="../../Src/gui/Cursor.cpp" />
		<Unit filename="../../Src/gui/Cursor.hpp" />
		<Unit filename="../../Src/gui/ErrorMessageBox.hpp" />
		<Unit filename="../../Src/gui/FPSCounter.cpp" />
		<Unit filename="../../Src/gui/FPSCounter.hpp" />
		<Unit filename="../../Src/gui/FailMenu.cpp" />
		<Unit filename="../../Src/gui/FailMenu.hpp" />
		<Unit filename="../../Src/gui/GameFinishedMenu.cpp" />
		<Unit filename="../../Src/gui/GameFinishedMenu.hpp" />
		<Unit filename="../../Src/gui/HighScoreMenu.hpp" />
		<Unit filename="../../Src/gui/HighScoreMenue.cpp" />
		<Unit filename="../../Src/gui/InputBox.cpp" />
		<Unit filename="../../Src/gui/InputBox.hpp" />
		<Unit filename="../../Src/gui/InputBoxStyle.hpp" />
		<Unit filename="../../Src/gui/InteractiveLabel.cpp" />
		<Unit filename="../../Src/gui/InteractiveLabel.hpp" />
		<Unit filename="../../Src/gui/KeyboardMenu.cpp" />
		<Unit filename="../../Src/gui/KeyboardMenu.hpp" />
		<Unit filename="../../Src/gui/LevelPreviewMenu.cpp" />
		<Unit filename="../../Src/gui/LevelPreviewMenu.hpp" />
		<Unit filename="../../Src/gui/LevelSelectMenu.cpp" />
		<Unit filename="../../Src/gui/LevelSelectMenu.hpp" />
		<Unit filename="../../Src/gui/LineLabel.cpp" />
		<Unit filename="../../Src/gui/LineLabel.hpp" />
		<Unit filename="../../Src/gui/MainMenu.cpp" />
		<Unit filename="../../Src/gui/MainMenu.hpp" />
		<Unit filename="../../Src/gui/Menu.cpp" />
		<Unit filename="../../Src/gui/Menu.hpp" />
		<Unit filename="../../Src/gui/MenuElement.hpp" />
		<Unit filename="../../Src/gui/MenuPanel.cpp" />
		<Unit filename="../../Src/gui/MenuPanel.hpp" />
		<Unit filename="../../Src/gui/MenuSprite.cpp" />
		<Unit filename="../../Src/gui/MenuSprite.hpp" />
		<Unit filename="../../Src/gui/MenuTemplate.hpp" />
		<Unit filename="../../Src/gui/NewHighScoreMenu.cpp" />
		<Unit filename="../../Src/gui/NewHighScoreMenu.hpp" />
		<Unit filename="../../Src/gui/OptionMenu.cpp" />
		<Unit filename="../../Src/gui/OptionMenu.hpp" />
		<Unit filename="../../Src/gui/PauseMenu.cpp" />
		<Unit filename="../../Src/gui/PauseMenu.hpp" />
		<Unit filename="../../Src/gui/ReplayMenu.cpp" />
		<Unit filename="../../Src/gui/ReplayMenu.hpp" />
		<Unit filename="../../Src/gui/Slider.cpp" />
		<Unit filename="../../Src/gui/Slider.hpp" />
		<Unit filename="../../Src/gui/SliderStyle.hpp" />
		<Unit filename="../../Src/gui/SubWindow.cpp" />
		<Unit filename="../../Src/gui/SubWindow.hpp" />
		<Unit filename="../../Src/gui/ToolTip.cpp" />
		<Unit filename="../../Src/gui/ToolTip.hpp" />
		<Unit filename="../../Src/gui/hud/ArrowHUD.cpp" />
		<Unit filename="../../Src/gui/hud/ArrowHUD.hpp" />
		<Unit filename="../../Src/gui/hud/BallHUD.cpp" />
		<Unit filename="../../Src/gui/hud/BallHUD.hpp" />
		<Unit filename="../../Src/gui/hud/FPSCounter.hpp" />
		<Unit filename="../../Src/gui/hud/FPSCounterHUD.cpp" />
		<Unit filename="../../Src/gui/hud/FPSCounterHUD.hpp" />
		<Unit filename="../../Src/gui/hud/GoodyHUD.cpp" />
		<Unit filename="../../Src/gui/hud/GoodyHUD.hpp" />
		<Unit filename="../../Src/gui/hud/HUD.cpp" />
		<Unit filename="../../Src/gui/hud/HUD.hpp" />
		<Unit filename="../../Src/gui/hud/HUDElement.cpp" />
		<Unit filename="../../Src/gui/hud/HUDElement.hpp" />
		<Unit filename="../../Src/gui/hud/LabelHUD.cpp" />
		<Unit filename="../../Src/gui/hud/LabelHUD.hpp" />
		<Unit filename="../../Src/gui/hud/PointsHUD.cpp" />
		<Unit filename="../../Src/gui/hud/PointsHUD.hpp" />
		<Unit filename="../../Src/gui/hud/TargetHUD.cpp" />
		<Unit filename="../../Src/gui/hud/TargetHUD.hpp" />
		<Unit filename="../../Src/gui/hud/TimeHUD.cpp" />
		<Unit filename="../../Src/gui/hud/TimeHUD.hpp" />
		<Unit filename="../../Src/model/AnimatedGraphics.hpp" />
		<Unit filename="../../Src/model/Background.cpp" />
		<Unit filename="../../Src/model/Background.hpp" />
		<Unit filename="../../Src/model/Ball.cpp" />
		<Unit filename="../../Src/model/Ball.hpp" />
		<Unit filename="../../Src/model/Entity.cpp" />
		<Unit filename="../../Src/model/Entity.hpp" />
		<Unit filename="../../Src/model/EntityFactory.cpp" />
		<Unit filename="../../Src/model/EntityFactory.hpp" />
		<Unit filename="../../Src/model/Goody.cpp" />
		<Unit filename="../../Src/model/Goody.hpp" />
		<Unit filename="../../Src/model/GravityGoody.cpp" />
		<Unit filename="../../Src/model/GravityGoody.hpp" />
		<Unit filename="../../Src/model/InvulnerableGoody.hpp" />
		<Unit filename="../../Src/model/Level.cpp" />
		<Unit filename="../../Src/model/Level.hpp" />
		<Unit filename="../../Src/model/Level_LoadingPart.cpp" />
		<Unit filename="../../Src/model/ParallaxLayer.cpp" />
		<Unit filename="../../Src/model/ParallaxLayer.hpp" />
		<Unit filename="../../Src/model/PhysicalObject.cpp" />
		<Unit filename="../../Src/model/PhysicalObject.hpp" />
		<Unit filename="../../Src/model/SoundManager.cpp" />
		<Unit filename="../../Src/model/SoundManager.hpp" />
		<Unit filename="../../Src/model/SoundObject.cpp" />
		<Unit filename="../../Src/model/SoundObject.hpp" />
		<Unit filename="../../Src/model/SoundTrigger.cpp" />
		<Unit filename="../../Src/model/SoundTrigger.hpp" />
		<Unit filename="../../Src/model/Teeter.cpp" />
		<Unit filename="../../Src/model/Teeter.hpp" />
		<Unit filename="../../Src/model/collision/ContactListener.cpp" />
		<Unit filename="../../Src/model/collision/ContactListener.hpp" />
		<Unit filename="../../Src/model/collision/filter/ActionFilter.hpp" />
		<Unit filename="../../Src/model/collision/filter/Always.hpp" />
		<Unit filename="../../Src/model/collision/filter/ApplyForceFilter.hpp" />
		<Unit filename="../../Src/model/collision/filter/ChangeBallSpawnFilter.hpp" />
		<Unit filename="../../Src/model/collision/filter/ChangeBallVelocityFilter.hpp" />
		<Unit filename="../../Src/model/collision/filter/ChangeGravityFilter.hpp" />
		<Unit filename="../../Src/model/collision/filter/CollisionFilter.hpp" />
		<Unit filename="../../Src/model/collision/filter/Never.hpp" />
		<Unit filename="../../Src/model/collision/filter/PropertyFilter.hpp" />
		<Unit filename="../../Src/model/collision/filter/SpawnEntity.hpp" />
		<Unit filename="../../Src/model/collision/handler/ApplyImpulseCollisionHandler.hpp" />
		<Unit filename="../../Src/model/collision/handler/BallTeleportCollisionHandler.hpp" />
		<Unit filename="../../Src/model/collision/handler/ChangePropertyCollisionHandler.hpp" />
		<Unit filename="../../Src/model/collision/handler/CollisionHandler.hpp" />
		<Unit filename="../../Src/model/collision/handler/GenericCollisionHandler.hpp" />
		<Unit filename="../../Src/model/collision/handler/SpawnEntityCollisionHandler.hpp" />
		<Unit filename="../../Src/model/joint/JointObject.hpp" />
		<Unit filename="../../Src/model/joint/SingleDistanceJoint.cpp" />
		<Unit filename="../../Src/model/joint/SingleDistanceJoint.hpp" />
		<Unit filename="../../Src/model/joint/SinglePrismaticJoint.cpp" />
		<Unit filename="../../Src/model/joint/SinglePrismaticJoint.hpp" />
		<Unit filename="../../Src/model/joint/SingleRevoluteJoint.cpp" />
		<Unit filename="../../Src/model/joint/SingleRevoluteJoint.hpp" />
		<Unit filename="../../Src/rendering/DebugDraw.cpp" />
		<Unit filename="../../Src/rendering/DebugDraw.hpp" />
		<Unit filename="../../Src/rendering/DrawParameter.hpp" />
		<Unit filename="../../Src/rendering/Drawable.hpp" />
		<Unit filename="../../Src/rendering/GLExt.cpp" />
		<Unit filename="../../Src/rendering/GLExt.hpp" />
		<Unit filename="../../Src/rendering/GraphicalObject.hpp" />
		<Unit filename="../../Src/rendering/Shader.cpp" />
		<Unit filename="../../Src/rendering/Shader.hpp" />
		<Unit filename="../../Src/rendering/parameter/FloatParameter.cpp" />
		<Unit filename="../../Src/rendering/parameter/FloatParameter.hpp" />
		<Unit filename="../../Src/rendering/parameter/IntParameter.cpp" />
		<Unit filename="../../Src/rendering/parameter/IntParameter.hpp" />
		<Unit filename="../../Src/rendering/parameter/ShaderParameter.cpp" />
		<Unit filename="../../Src/rendering/parameter/ShaderParameter.hpp" />
		<Unit filename="../../Src/rendering/parameter/TextureParameter.cpp" />
		<Unit filename="../../Src/rendering/parameter/TextureParameter.hpp" />
		<Unit filename="../../Src/rendering/transitions/AlphaTransition.cpp" />
		<Unit filename="../../Src/rendering/transitions/AlphaTransition.hpp" />
		<Unit filename="../../Src/rendering/transitions/GrowingCircleTransition.cpp" />
		<Unit filename="../../Src/rendering/transitions/GrowingCircleTransition.hpp" />
		<Unit filename="../../Src/rendering/transitions/GrowingRectangleTransition.cpp" />
		<Unit filename="../../Src/rendering/transitions/GrowingRectangleTransition.hpp" />
		<Unit filename="../../Src/rendering/transitions/HorizontalCompressTransition.cpp" />
		<Unit filename="../../Src/rendering/transitions/HorizontalCompressTransition.hpp" />
		<Unit filename="../../Src/rendering/transitions/HorizontalExpandTransition.cpp" />
		<Unit filename="../../Src/rendering/transitions/HorizontalExpandTransition.hpp" />
		<Unit filename="../../Src/rendering/transitions/HorizontalHalvesTransition.cpp" />
		<Unit filename="../../Src/rendering/transitions/HorizontalHalvesTransition.hpp" />
		<Unit filename="../../Src/rendering/transitions/HorizontalMaskingStripesTransition.cpp" />
		<Unit filename="../../Src/rendering/transitions/HorizontalMaskingStripesTransition.hpp" />
		<Unit filename="../../Src/rendering/transitions/HorizontalSlicesTransition.cpp" />
		<Unit filename="../../Src/rendering/transitions/HorizontalSlicesTransition.hpp" />
		<Unit filename="../../Src/rendering/transitions/HorizontalSlidingStripesTransition.cpp" />
		<Unit filename="../../Src/rendering/transitions/HorizontalSlidingStripesTransition.hpp" />
		<Unit filename="../../Src/rendering/transitions/HorizontalSpringTransition.cpp" />
		<Unit filename="../../Src/rendering/transitions/HorizontalSpringTransition.hpp" />
		<Unit filename="../../Src/rendering/transitions/HorizontalStripesTransition.cpp" />
		<Unit filename="../../Src/rendering/transitions/HorizontalStripesTransition.hpp" />
		<Unit filename="../../Src/rendering/transitions/RandomTransition.cpp" />
		<Unit filename="../../Src/rendering/transitions/RandomTransition.hpp" />
		<Unit filename="../../Src/rendering/transitions/RotatingSquaresTransition.cpp" />
		<Unit filename="../../Src/rendering/transitions/RotatingSquaresTransition.hpp" />
		<Unit filename="../../Src/rendering/transitions/Transition.hpp" />
		<Unit filename="../../Src/rendering/transitions/VerticalCompressTransition.cpp" />
		<Unit filename="../../Src/rendering/transitions/VerticalCompressTransition.hpp" />
		<Unit filename="../../Src/rendering/transitions/VerticalExpandTransition.cpp" />
		<Unit filename="../../Src/rendering/transitions/VerticalExpandTransition.hpp" />
		<Unit filename="../../Src/rendering/transitions/VerticalHalvesTransition.cpp" />
		<Unit filename="../../Src/rendering/transitions/VerticalHalvesTransition.hpp" />
		<Unit filename="../../Src/rendering/transitions/VerticalMaskingStripesTransition.cpp" />
		<Unit filename="../../Src/rendering/transitions/VerticalMaskingStripesTransition.hpp" />
		<Unit filename="../../Src/rendering/transitions/VerticalSlicesTransition.cpp" />
		<Unit filename="../../Src/rendering/transitions/VerticalSlicesTransition.hpp" />
		<Unit filename="../../Src/rendering/transitions/VerticalSlidingStripesTransition.cpp" />
		<Unit filename="../../Src/rendering/transitions/VerticalSlidingStripesTransition.hpp" />
		<Unit filename="../../Src/rendering/transitions/VerticalSpringTransition.cpp" />
		<Unit filename="../../Src/rendering/transitions/VerticalSpringTransition.hpp" />
		<Unit filename="../../Src/rendering/transitions/VerticalStripesTransition.cpp" />
		<Unit filename="../../Src/rendering/transitions/VerticalStripesTransition.hpp" />
		<Unit filename="../../Src/resources/Achievement.cpp" />
		<Unit filename="../../Src/resources/Achievement.hpp" />
		<Unit filename="../../Src/resources/AchievementManager.cpp" />
		<Unit filename="../../Src/resources/AchievementManager.hpp" />
		<Unit filename="../../Src/resources/AppConfig.cpp" />
		<Unit filename="../../Src/resources/AppConfig.hpp" />
		<Unit filename="../../Src/resources/BackgroundLoader.hpp" />
		<Unit filename="../../Src/resources/Config.cpp" />
		<Unit filename="../../Src/resources/Config.hpp" />
		<Unit filename="../../Src/resources/FileReader.cpp" />
		<Unit filename="../../Src/resources/FileReader.hpp" />
		<Unit filename="../../Src/resources/GameEvent.hpp" />
		<Unit filename="../../Src/resources/GameEventRecorder.cpp" />
		<Unit filename="../../Src/resources/GameEventRecorder.hpp" />
		<Unit filename="../../Src/resources/LevelFileLoader.cpp" />
		<Unit filename="../../Src/resources/LevelFileLoader.hpp" />
		<Unit filename="../../Src/resources/MenuLoader.cpp" />
		<Unit filename="../../Src/resources/MenuLoader.hpp" />
		<Unit filename="../../Src/resources/MusicPlayer.cpp" />
		<Unit filename="../../Src/resources/MusicPlayer.hpp" />
		<Unit filename="../../Src/resources/OpenFileDialoge.cpp" />
		<Unit filename="../../Src/resources/OpenFileDialoge.hpp" />
		<Unit filename="../../Src/resources/PathHelper.cpp" />
		<Unit filename="../../Src/resources/PathHelper.hpp" />
		<Unit filename="../../Src/resources/ResourceCache.hpp" />
		<Unit filename="../../Src/resources/ResourceManager.cpp" />
		<Unit filename="../../Src/resources/ResourceManager.hpp" />
		<Unit filename="../../Src/resources/ShaderContext.cpp" />
		<Unit filename="../../Src/resources/ShaderContext.hpp" />
		<Unit filename="../../Src/resources/ShaderLoader.hpp" />
		<Unit filename="../../Src/resources/SoundBufferManager.hpp" />
		<Unit filename="../../Src/resources/SpriteSheet.cpp" />
		<Unit filename="../../Src/resources/SpriteSheet.hpp" />
		<Unit filename="../../Src/state/AchievementState.cpp" />
		<Unit filename="../../Src/state/AchievementState.hpp" />
		<Unit filename="../../Src/state/CoinShopState.cpp" />
		<Unit filename="../../Src/state/CoinShopState.hpp" />
		<Unit filename="../../Src/state/CreditMenuState.cpp" />
		<Unit filename="../../Src/state/CreditMenuState.hpp" />
		<Unit filename="../../Src/state/EnterStateInformation.hpp" />
		<Unit filename="../../Src/state/GameFinishedState.cpp" />
		<Unit filename="../../Src/state/GameFinishedState.hpp" />
		<Unit filename="../../Src/state/HighScoreState.cpp" />
		<Unit filename="../../Src/state/HighScoreState.hpp" />
		<Unit filename="../../Src/state/LevelFailState.cpp" />
		<Unit filename="../../Src/state/LevelFailState.hpp" />
		<Unit filename="../../Src/state/LevelPassState.cpp" />
		<Unit filename="../../Src/state/LevelPassState.hpp" />
		<Unit filename="../../Src/state/LevelPreviewState.cpp" />
		<Unit filename="../../Src/state/LevelPreviewState.hpp" />
		<Unit filename="../../Src/state/LevelSelectState.cpp" />
		<Unit filename="../../Src/state/LevelSelectState.hpp" />
		<Unit filename="../../Src/state/LoadLevelState.cpp" />
		<Unit filename="../../Src/state/LoadLevelState.hpp" />
		<Unit filename="../../Src/state/MainMenuState.cpp" />
		<Unit filename="../../Src/state/MainMenuState.hpp" />
		<Unit filename="../../Src/state/NewHighScoreState.cpp" />
		<Unit filename="../../Src/state/NewHighScoreState.hpp" />
		<Unit filename="../../Src/state/OptionMenuState.cpp" />
		<Unit filename="../../Src/state/OptionMenuState.hpp" />
		<Unit filename="../../Src/state/PauseState.cpp" />
		<Unit filename="../../Src/state/PauseState.hpp" />
		<Unit filename="../../Src/state/PlayState.cpp" />
		<Unit filename="../../Src/state/PlayState.hpp" />
		<Unit filename="../../Src/state/StartState.cpp" />
		<Unit filename="../../Src/state/StartState.hpp" />
		<Unit filename="../../Src/state/State.hpp" />
		<Unit filename="../../Src/state/StateChangeInformation.hpp" />
		<Unit filename="../../Src/state/StateManager.cpp" />
		<Unit filename="../../Src/state/StateManager.hpp" />
		<Unit filename="../../Src/state/TransitionState.cpp" />
		<Unit filename="../../Src/state/TransitionState.hpp" />
		<Extensions>
			<code_completion />
			<debugger />
		</Extensions>
	</Project>
</CodeBlocks_project_file>
