<?xml version="1.0" encoding="utf-8"?>
<Project ToolsVersion="4.0" xmlns="http://schemas.microsoft.com/developer/msbuild/2003">
  <ItemGroup>
    <ClCompile Include="Config.cpp">
      <Filter>Sources</Filter>
    </ClCompile>
    <ClCompile Include="App.cpp">
      <Filter>Sources</Filter>
    </ClCompile>
    <ClCompile Include="Core.cpp">
      <Filter>Sources</Filter>
    </ClCompile>
    <ClCompile Include="StateManager.cpp">
      <Filter>Sources</Filter>
    </ClCompile>
    <ClCompile Include="PlayState.cpp">
      <Filter>Sources</Filter>
    </ClCompile>
    <ClCompile Include="DebugDraw.cpp">
      <Filter>Sources</Filter>
    </ClCompile>
    <ClCompile Include="resources\ResourceManager.cpp">
      <Filter>Sources\resources</Filter>
    </ClCompile>
    <ClCompile Include="resources\LevelFileLoader.cpp">
      <Filter>Sources\resources</Filter>
    </ClCompile>
    <ClCompile Include="Utility.cpp">
      <Filter>Sources</Filter>
    </ClCompile>
    <ClCompile Include="ScrollView.cpp">
      <Filter>Sources</Filter>
    </ClCompile>
    <ClCompile Include="model\Teeter.cpp">
      <Filter>Sources\model</Filter>
    </ClCompile>
    <ClCompile Include="model\Background.cpp">
      <Filter>Sources\model</Filter>
    </ClCompile>
    <ClCompile Include="model\Ball.cpp">
      <Filter>Sources\model</Filter>
    </ClCompile>
    <ClCompile Include="model\Entity.cpp">
      <Filter>Sources\model</Filter>
    </ClCompile>
    <ClCompile Include="model\Level.cpp">
      <Filter>Sources\model</Filter>
    </ClCompile>
    <ClCompile Include="model\PhysicalObject.cpp">
      <Filter>Sources\model</Filter>
    </ClCompile>
    <ClCompile Include="animation\Animation.cpp">
      <Filter>Sources\animation</Filter>
    </ClCompile>
    <ClCompile Include="model\ParallaxLayer.cpp">
      <Filter>Sources\model</Filter>
    </ClCompile>
    <ClCompile Include="LoadLevelState.cpp">
      <Filter>Sources</Filter>
    </ClCompile>
    <ClCompile Include="rendering\transitions\AlphaTransition.cpp">
      <Filter>Sources\rendering\transitions</Filter>
    </ClCompile>
    <ClCompile Include="model\SoundManager.cpp">
      <Filter>Sources\model</Filter>
    </ClCompile>
    <ClCompile Include="model\SoundObject.cpp">
      <Filter>Sources\model</Filter>
    </ClCompile>
    <ClCompile Include="FPSCounter.cpp">
      <Filter>Sources</Filter>
    </ClCompile>
    <ClCompile Include="model\collision\ContactListener.cpp">
      <Filter>Sources\model\collision</Filter>
    </ClCompile>
    <ClCompile Include="gui\BitmapFont.cpp">
      <Filter>Sources\gui</Filter>
    </ClCompile>
    <ClCompile Include="gui\LineLabel.cpp">
      <Filter>Sources\gui</Filter>
    </ClCompile>
    <ClCompile Include="FPSCounterHUD.cpp">
      <Filter>Sources\gui</Filter>
    </ClCompile>
    <ClCompile Include="HUD.cpp">
      <Filter>Sources\gui</Filter>
    </ClCompile>
    <ClCompile Include="HUDElement.cpp">
      <Filter>Sources\gui</Filter>
    </ClCompile>
    <ClCompile Include="TargetHUD.cpp">
      <Filter>Sources\gui</Filter>
    </ClCompile>
    <ClCompile Include="rendering\transitions\VerticalStripesTransition.cpp">
      <Filter>Sources\rendering\transitions</Filter>
    </ClCompile>
  </ItemGroup>
  <ItemGroup>
    <ClInclude Include="App.hpp">
      <Filter>Headers</Filter>
    </ClInclude>
    <ClInclude Include="Config.hpp">
      <Filter>Headers</Filter>
    </ClInclude>
    <ClInclude Include="StateManager.hpp">
      <Filter>Headers</Filter>
    </ClInclude>
    <ClInclude Include="Utility.hpp">
      <Filter>Headers</Filter>
    </ClInclude>
    <ClInclude Include="PlayState.hpp">
      <Filter>Headers</Filter>
    </ClInclude>
    <ClInclude Include="DebugDraw.hpp">
      <Filter>Headers</Filter>
    </ClInclude>
    <ClInclude Include="animation\OrientedObject.hpp">
      <Filter>Headers\animation</Filter>
    </ClInclude>
    <ClInclude Include="animation\TimedObject.hpp">
      <Filter>Headers\animation</Filter>
    </ClInclude>
    <ClInclude Include="resources\ResourceCache.hpp">
      <Filter>Headers\resources</Filter>
    </ClInclude>
    <ClInclude Include="resources\ResourceManager.hpp">
      <Filter>Headers\resources</Filter>
    </ClInclude>
    <ClInclude Include="resources\LevelFileLoader.hpp">
      <Filter>Headers\resources</Filter>
    </ClInclude>
    <ClInclude Include="animation\provider\Adder.hpp">
      <Filter>Headers\animation\provider</Filter>
    </ClInclude>
    <ClInclude Include="animation\provider\AngleProvider.hpp">
      <Filter>Headers\animation\provider</Filter>
    </ClInclude>
    <ClInclude Include="animation\provider\FloatToInt.hpp">
      <Filter>Headers\animation\provider</Filter>
    </ClInclude>
    <ClInclude Include="animation\provider\Maximum.hpp">
      <Filter>Headers\animation\provider</Filter>
    </ClInclude>
    <ClInclude Include="animation\provider\Minimum.hpp">
      <Filter>Headers\animation\provider</Filter>
    </ClInclude>
    <ClInclude Include="animation\provider\Modulo.hpp">
      <Filter>Headers\animation\provider</Filter>
    </ClInclude>
    <ClInclude Include="animation\provider\Multiplier.hpp">
      <Filter>Headers\animation\provider</Filter>
    </ClInclude>
    <ClInclude Include="animation\provider\MultiProvider.hpp">
      <Filter>Headers\animation\provider</Filter>
    </ClInclude>
    <ClInclude Include="animation\provider\Sine.hpp">
      <Filter>Headers\animation\provider</Filter>
    </ClInclude>
    <ClInclude Include="animation\provider\SingleProvider.hpp">
      <Filter>Headers\animation\provider</Filter>
    </ClInclude>
    <ClInclude Include="animation\provider\StaticProvider.hpp">
      <Filter>Headers\animation\provider</Filter>
    </ClInclude>
    <ClInclude Include="animation\provider\TimeProvider.hpp">
      <Filter>Headers\animation\provider</Filter>
    </ClInclude>
    <ClInclude Include="animation\provider\ValueProvider.hpp">
      <Filter>Headers\animation\provider</Filter>
    </ClInclude>
    <ClInclude Include="ScrollView.hpp">
      <Filter>Headers</Filter>
    </ClInclude>
    <ClInclude Include="animation\provider\Inverse.hpp">
      <Filter>Headers\animation\provider</Filter>
    </ClInclude>
    <ClInclude Include="animation\VariableHolder.hpp">
      <Filter>Headers\animation</Filter>
    </ClInclude>
    <ClInclude Include="animation\provider\VariableProvider.hpp">
      <Filter>Headers\animation\provider</Filter>
    </ClInclude>
    <ClInclude Include="animation\VariableHandler.hpp">
      <Filter>Headers\animation</Filter>
    </ClInclude>
    <ClInclude Include="model\Background.hpp">
      <Filter>Headers\model</Filter>
    </ClInclude>
    <ClInclude Include="model\Ball.hpp">
      <Filter>Headers\model</Filter>
    </ClInclude>
    <ClInclude Include="model\Entity.hpp">
      <Filter>Headers\model</Filter>
    </ClInclude>
    <ClInclude Include="model\Level.hpp">
      <Filter>Headers\model</Filter>
    </ClInclude>
    <ClInclude Include="model\PhysicalObject.hpp">
      <Filter>Headers\model</Filter>
    </ClInclude>
    <ClInclude Include="model\Teeter.hpp">
      <Filter>Headers\model</Filter>
    </ClInclude>
    <ClInclude Include="model\AnimatedGraphics.hpp">
      <Filter>Headers\model</Filter>
    </ClInclude>
    <ClInclude Include="animation\Animation.hpp">
      <Filter>Headers\animation</Filter>
    </ClInclude>
    <ClInclude Include="model\ParallaxLayer.hpp">
      <Filter>Headers\model</Filter>
    </ClInclude>
    <ClInclude Include="LoadLevelState.hpp">
      <Filter>Headers</Filter>
    </ClInclude>
    <ClInclude Include="StateChangeInformation.hpp">
      <Filter>Headers</Filter>
    </ClInclude>
    <ClInclude Include="rendering\Drawable.hpp">
      <Filter>Headers\rendering</Filter>
    </ClInclude>
    <ClInclude Include="rendering\DrawParameter.hpp">
      <Filter>Headers\rendering</Filter>
    </ClInclude>
    <ClInclude Include="rendering\GraphicalObject.hpp">
      <Filter>Headers\rendering</Filter>
    </ClInclude>
    <ClInclude Include="rendering\transitions\Transition.hpp">
      <Filter>Headers\rendering\transitions</Filter>
    </ClInclude>
    <ClInclude Include="rendering\transitions\AlphaTransition.hpp">
      <Filter>Headers\rendering\transitions</Filter>
    </ClInclude>
    <ClInclude Include="model\SoundManager.hpp">
      <Filter>Headers\model</Filter>
    </ClInclude>
    <ClInclude Include="model\SoundObject.hpp">
      <Filter>Headers\model</Filter>
    </ClInclude>
    <ClInclude Include="FPSCounter.hpp">
      <Filter>Headers</Filter>
    </ClInclude>
    <ClInclude Include="model\collision\ContactListener.hpp">
      <Filter>Headers\model\collision</Filter>
    </ClInclude>
    <ClInclude Include="animation\AnimatedObject.hpp">
      <Filter>Headers\animation</Filter>
    </ClInclude>
    <ClInclude Include="gui\BitmapFont.hpp">
      <Filter>Headers\gui</Filter>
    </ClInclude>
    <ClInclude Include="gui\LineLabel.hpp">
      <Filter>Headers\gui</Filter>
    </ClInclude>
    <ClInclude Include="animation\provider\Absolute.hpp">
      <Filter>Headers\animation\provider</Filter>
    </ClInclude>
    <ClInclude Include="animation\provider\SetVariable.hpp">
      <Filter>Headers\animation\provider</Filter>
    </ClInclude>
    <ClInclude Include="model\collision\handler\CollisionHandler.hpp">
      <Filter>Headers\model\collision\handler</Filter>
    </ClInclude>
    <ClInclude Include="model\collision\handler\ChangePropertyCollisionHandler.hpp">
      <Filter>Headers\model\collision\handler</Filter>
    </ClInclude>
    <ClInclude Include="model\collision\filter\CollisionFilter.hpp">
      <Filter>Headers\model\collision\filter</Filter>
    </ClInclude>
    <ClInclude Include="model\collision\filter\Always.hpp">
      <Filter>Headers\model\collision\filter</Filter>
    </ClInclude>
    <ClInclude Include="model\collision\filter\Never.hpp">
      <Filter>Headers\model\collision\filter</Filter>
    </ClInclude>
    <ClInclude Include="FPSCounterHUD.hpp">
      <Filter>Headers\gui</Filter>
    </ClInclude>
    <ClInclude Include="TargetHUD.hpp">
      <Filter>Headers\gui</Filter>
    </ClInclude>
    <ClInclude Include="model\collision\filter\PropertyFilter.hpp">
      <Filter>Headers\model\collision\filter</Filter>
    </ClInclude>
    <ClInclude Include="HUD.hpp">
      <Filter>Headers\gui</Filter>
    </ClInclude>
    <ClInclude Include="HUDElement.hpp">
      <Filter>Headers\gui</Filter>
    </ClInclude>
    <ClInclude Include="State.hpp">
      <Filter>Sources</Filter>
    </ClInclude>
  </ItemGroup>
  <ItemGroup>
    <Filter Include="Resouces">
      <UniqueIdentifier>{7273a69a-eff2-4e02-adaf-342e2be673e6}</UniqueIdentifier>
    </Filter>
    <Filter Include="Sources">
      <UniqueIdentifier>{7bf9fef6-15c1-4b0c-896f-d0d2c24b5a74}</UniqueIdentifier>
    </Filter>
    <Filter Include="Headers">
      <UniqueIdentifier>{fd86505c-1ee9-4960-b8e0-4540743f0492}</UniqueIdentifier>
    </Filter>
    <Filter Include="Headers\animation">
      <UniqueIdentifier>{36dc91bb-1a73-4581-857a-931ee2adcad6}</UniqueIdentifier>
    </Filter>
    <Filter Include="Headers\resources">
      <UniqueIdentifier>{e9828d56-ec52-467b-87cf-e7accb312ec3}</UniqueIdentifier>
    </Filter>
    <Filter Include="Sources\resources">
      <UniqueIdentifier>{e2e0953d-9905-43eb-a6c1-1bd23951d8a9}</UniqueIdentifier>
    </Filter>
    <Filter Include="Resouces\res">
      <UniqueIdentifier>{4cc06c48-eec2-4ce2-b023-886f24d5c03e}</UniqueIdentifier>
    </Filter>
    <Filter Include="Resouces\res\font">
      <UniqueIdentifier>{f5161282-8cec-4255-917a-bbaa4303df93}</UniqueIdentifier>
    </Filter>
    <Filter Include="Resouces\res\level">
      <UniqueIdentifier>{90c0ba6a-3cd0-4d24-b07f-c3f329daa084}</UniqueIdentifier>
    </Filter>
    <Filter Include="Headers\animation\provider">
      <UniqueIdentifier>{8f3ce49a-75ba-4d2d-b341-e8b0c76204bc}</UniqueIdentifier>
    </Filter>
    <Filter Include="Headers\model">
      <UniqueIdentifier>{06c2f113-30ff-46b3-b58a-f22046b60a6c}</UniqueIdentifier>
    </Filter>
    <Filter Include="Sources\model">
      <UniqueIdentifier>{82c559a9-cddc-4c24-b5c5-e0031f2b65a8}</UniqueIdentifier>
    </Filter>
    <Filter Include="Sources\animation">
      <UniqueIdentifier>{78c81f4f-30be-49c1-8df7-ec1ba111d3a1}</UniqueIdentifier>
    </Filter>
    <Filter Include="Headers\rendering">
      <UniqueIdentifier>{8f910ab8-7b56-458a-85ab-f377ac98f07c}</UniqueIdentifier>
    </Filter>
    <Filter Include="Headers\rendering\transitions">
      <UniqueIdentifier>{acb536c9-9eb9-4df7-afb3-a6e40e801964}</UniqueIdentifier>
    </Filter>
    <Filter Include="Sources\rendering">
      <UniqueIdentifier>{e0f806b4-001a-4391-af88-bc2fc06dd47b}</UniqueIdentifier>
    </Filter>
    <Filter Include="Sources\rendering\transitions">
      <UniqueIdentifier>{dafee3bd-2f74-4c28-84de-e0c4d161420c}</UniqueIdentifier>
    </Filter>
    <Filter Include="Sources\model\collision">
      <UniqueIdentifier>{c05e86fd-1e76-45ef-be24-abf5d5f4f2cd}</UniqueIdentifier>
    </Filter>
    <Filter Include="Headers\model\collision">
      <UniqueIdentifier>{d910b3ee-6878-4717-af44-04072ee84fb5}</UniqueIdentifier>
    </Filter>
    <Filter Include="Sources\gui">
      <UniqueIdentifier>{78186138-e2d2-4135-912f-60bb79b4c452}</UniqueIdentifier>
    </Filter>
    <Filter Include="Headers\gui">
      <UniqueIdentifier>{294b13b6-a8ac-4d5b-a0cf-fb969a567f07}</UniqueIdentifier>
    </Filter>
    <Filter Include="Headers\model\collision\handler">
      <UniqueIdentifier>{033a1cbd-bff1-4c6d-bff3-4ce33e4f7b50}</UniqueIdentifier>
    </Filter>
    <Filter Include="Headers\model\collision\filter">
      <UniqueIdentifier>{a3c301cb-d629-400b-8230-dad9457669f4}</UniqueIdentifier>
    </Filter>
  </ItemGroup>
  <ItemGroup>
    <None Include="..\..\..\Game\Config.ini">
      <Filter>Resouces</Filter>
    </None>
    <None Include="..\..\..\Game\res\font\visitor.ttf">
      <Filter>Resouces\res\font</Filter>
    </None>
    <None Include="..\..\..\Game\res\level\001.lvl">
      <Filter>Resouces\res\level</Filter>
    </None>
    <None Include="..\..\..\Game\res\level\002.lvl">
      <Filter>Resouces\res\level</Filter>
    </None>
  </ItemGroup>
</Project>