<?xml version="1.0" encoding="utf-8"?>
<Project ToolsVersion="4.0" xmlns="http://schemas.microsoft.com/developer/msbuild/2003">
  <ItemGroup>
    <ClCompile Include="Config.cpp">
      <Filter>Sources</Filter>
    </ClCompile>
    <ClCompile Include="Animation.cpp">
      <Filter>Sources</Filter>
    </ClCompile>
    <ClCompile Include="App.cpp">
      <Filter>Sources</Filter>
    </ClCompile>
    <ClCompile Include="Core.cpp">
      <Filter>Sources</Filter>
    </ClCompile>
    <ClCompile Include="Entity.cpp">
      <Filter>Sources</Filter>
    </ClCompile>
    <ClCompile Include="StateManager.cpp">
      <Filter>Sources</Filter>
    </ClCompile>
    <ClCompile Include="PlayState.cpp">
      <Filter>Sources</Filter>
    </ClCompile>
    <ClCompile Include="Level.cpp">
      <Filter>Sources</Filter>
    </ClCompile>
    <ClCompile Include="Teeter.cpp">
      <Filter>Sources</Filter>
    </ClCompile>
    <ClCompile Include="DebugDraw.cpp">
      <Filter>Sources</Filter>
    </ClCompile>
    <ClCompile Include="Background.cpp">
      <Filter>Sources</Filter>
    </ClCompile>
    <ClCompile Include="resources\ResourceManager.cpp">
      <Filter>Sources\resources</Filter>
    </ClCompile>
    <ClCompile Include="resources\LevelFileLoader.cpp">
      <Filter>Sources\resources</Filter>
    </ClCompile>
  </ItemGroup>
  <ItemGroup>
    <ClInclude Include="Animation.hpp">
      <Filter>Headers</Filter>
    </ClInclude>
    <ClInclude Include="App.hpp">
      <Filter>Headers</Filter>
    </ClInclude>
    <ClInclude Include="Config.hpp">
      <Filter>Headers</Filter>
    </ClInclude>
    <ClInclude Include="Entity.hpp">
      <Filter>Headers</Filter>
    </ClInclude>
    <ClInclude Include="PhysicalObject.hpp">
      <Filter>Headers</Filter>
    </ClInclude>
    <ClInclude Include="State.hpp">
      <Filter>Headers</Filter>
    </ClInclude>
    <ClInclude Include="StateManager.hpp">
      <Filter>Headers</Filter>
    </ClInclude>
    <ClInclude Include="Utility.hpp">
      <Filter>Headers</Filter>
    </ClInclude>
    <ClInclude Include="PlayState.hpp">
      <Filter>Headers</Filter>
    </ClInclude>
    <ClInclude Include="Level.hpp">
      <Filter>Headers</Filter>
    </ClInclude>
    <ClInclude Include="Teeter.hpp">
      <Filter>Headers</Filter>
    </ClInclude>
    <ClInclude Include="DebugDraw.hpp">
      <Filter>Headers</Filter>
    </ClInclude>
    <ClInclude Include="Background.hpp">
      <Filter>Headers</Filter>
    </ClInclude>
    <ClInclude Include="animation\TimeCalculator.hpp">
      <Filter>Headers\animation</Filter>
    </ClInclude>
    <ClInclude Include="animation\ValueProvider.hpp">
      <Filter>Headers\animation</Filter>
    </ClInclude>
    <ClInclude Include="animation\TimeProvider.hpp">
      <Filter>Headers\animation</Filter>
    </ClInclude>
    <ClInclude Include="animation\ValueCalculator.hpp">
      <Filter>Headers\animation</Filter>
    </ClInclude>
    <ClInclude Include="animation\OrientedObject.hpp">
      <Filter>Headers\animation</Filter>
    </ClInclude>
    <ClInclude Include="animation\TimedObject.hpp">
      <Filter>Headers\animation</Filter>
    </ClInclude>
    <ClInclude Include="animation\AngleCalculator.hpp">
      <Filter>Headers\animation</Filter>
    </ClInclude>
    <ClInclude Include="animation\AngleProvider.hpp">
      <Filter>Headers\animation</Filter>
    </ClInclude>
    <ClInclude Include="resources\ResourceCache.hpp">
      <Filter>Headers\resources</Filter>
    </ClInclude>
    <ClInclude Include="resources\ResourceManager.hpp">
      <Filter>Headers\resources</Filter>
    </ClInclude>
    <ClInclude Include="resources\LevelFileLoader.hpp">
      <Filter>Headers\resources</Filter>
    </ClInclude>
    <ClInclude Include="GraphicalObject.hpp">
      <Filter>Headers</Filter>
    </ClInclude>
    <ClInclude Include="AnimatedGraphics.hpp">
      <Filter>Headers</Filter>
    </ClInclude>
    <ClInclude Include="animation\StaticProvider.hpp">
      <Filter>Headers\animation</Filter>
    </ClInclude>
  </ItemGroup>
  <ItemGroup>
    <Filter Include="Resouces">
      <UniqueIdentifier>{7273a69a-eff2-4e02-adaf-342e2be673e6}</UniqueIdentifier>
    </Filter>
    <Filter Include="Sources">
      <UniqueIdentifier>{7bf9fef6-15c1-4b0c-896f-d0d2c24b5a74}</UniqueIdentifier>
    </Filter>
    <Filter Include="Headers">
      <UniqueIdentifier>{fd86505c-1ee9-4960-b8e0-4540743f0492}</UniqueIdentifier>
    </Filter>
    <Filter Include="Headers\animation">
      <UniqueIdentifier>{36dc91bb-1a73-4581-857a-931ee2adcad6}</UniqueIdentifier>
    </Filter>
    <Filter Include="Headers\resources">
      <UniqueIdentifier>{e9828d56-ec52-467b-87cf-e7accb312ec3}</UniqueIdentifier>
    </Filter>
    <Filter Include="Sources\resources">
      <UniqueIdentifier>{e2e0953d-9905-43eb-a6c1-1bd23951d8a9}</UniqueIdentifier>
    </Filter>
  </ItemGroup>
  <ItemGroup>
    <None Include="..\..\..\Game\Config.ini">
      <Filter>Resouces</Filter>
    </None>
    <None Include="..\..\..\Game\res\font\visitor.ttf">
      <Filter>Resouces</Filter>
    </None>
    <None Include="..\..\..\Game\res\level\001.lvl">
      <Filter>Resouces</Filter>
    </None>
  </ItemGroup>
</Project>